
Microsoft Visual Studio Solution File, Format Version 12.00
# Visual Studio Version 17
VisualStudioVersion = 17.8.34330.188
MinimumVisualStudioVersion = 10.0.40219.1
Project("{FAE04EC0-301F-11D3-BF4B-00C04F79EFBC}") = "movieTasks", "movieTasks.csproj", "{811FB697-287F-4755-A9F2-68962842A688}"
EndProject
Global
	GlobalSection(SolutionConfigurationPlatforms) = preSolution
		Debug|Any CPU = Debug|Any CPU
		Release|Any CPU = Release|Any CPU
	EndGlobalSection
	GlobalSection(ProjectConfigurationPlatforms) = postSolution
		{811FB697-287F-4755-A9F2-68962842A688}.Debug|Any CPU.ActiveCfg = Debug|Any CPU
		{811FB697-287F-4755-A9F2-68962842A688}.Debug|Any CPU.Build.0 = Debug|Any CPU
		{811FB697-287F-4755-A9F2-68962842A688}.Release|Any CPU.ActiveCfg = Release|Any CPU
		{811FB697-287F-4755-A9F2-68962842A688}.Release|Any CPU.Build.0 = Release|Any CPU
	EndGlobalSection
	GlobalSection(SolutionProperties) = preSolution
		HideSolutionNode = FALSE
	EndGlobalSection
	GlobalSection(ExtensibilityGlobals) = postSolution
		SolutionGuid = {D245C943-6052-4F94-A64B-286B1DC868FB}
	EndGlobalSection
EndGlobal
